
Microsoft Visual Studio Solution File, Format Version 12.00
# Visual Studio Version 17
VisualStudioVersion = 17.2.32519.379
MinimumVisualStudioVersion = 10.0.40219.1
Project("{FAE04EC0-301F-11D3-BF4B-00C04F79EFBC}") = "HelperProject", "HelperProject\HelperProject.csproj", "{3CF65D55-21DF-4D5F-8ED8-2D16160CFB56}"
EndProject
Project("{FAE04EC0-301F-11D3-BF4B-00C04F79EFBC}") = "DBContext", "DBContext\DBContext.csproj", "{9D48AF92-5271-4728-90AA-5E1FD3CDE6E7}"
EndProject
Project("{FAE04EC0-301F-11D3-BF4B-00C04F79EFBC}") = "FunctionsHelper", "FunctionsHelper\FunctionsHelper.csproj", "{6CD4C090-1176-4816-87AF-9AFB93FC63A0}"
EndProject
Global
	GlobalSection(SolutionConfigurationPlatforms) = preSolution
		Debug|Any CPU = Debug|Any CPU
		Release|Any CPU = Release|Any CPU
	EndGlobalSection
	GlobalSection(ProjectConfigurationPlatforms) = postSolution
		{3CF65D55-21DF-4D5F-8ED8-2D16160CFB56}.Debug|Any CPU.ActiveCfg = Debug|Any CPU
		{3CF65D55-21DF-4D5F-8ED8-2D16160CFB56}.Debug|Any CPU.Build.0 = Debug|Any CPU
		{3CF65D55-21DF-4D5F-8ED8-2D16160CFB56}.Release|Any CPU.ActiveCfg = Release|Any CPU
		{3CF65D55-21DF-4D5F-8ED8-2D16160CFB56}.Release|Any CPU.Build.0 = Release|Any CPU
		{9D48AF92-5271-4728-90AA-5E1FD3CDE6E7}.Debug|Any CPU.ActiveCfg = Debug|Any CPU
		{9D48AF92-5271-4728-90AA-5E1FD3CDE6E7}.Debug|Any CPU.Build.0 = Debug|Any CPU
		{9D48AF92-5271-4728-90AA-5E1FD3CDE6E7}.Release|Any CPU.ActiveCfg = Release|Any CPU
		{9D48AF92-5271-4728-90AA-5E1FD3CDE6E7}.Release|Any CPU.Build.0 = Release|Any CPU
		{6CD4C090-1176-4816-87AF-9AFB93FC63A0}.Debug|Any CPU.ActiveCfg = Debug|Any CPU
		{6CD4C090-1176-4816-87AF-9AFB93FC63A0}.Debug|Any CPU.Build.0 = Debug|Any CPU
		{6CD4C090-1176-4816-87AF-9AFB93FC63A0}.Release|Any CPU.ActiveCfg = Release|Any CPU
		{6CD4C090-1176-4816-87AF-9AFB93FC63A0}.Release|Any CPU.Build.0 = Release|Any CPU
	EndGlobalSection
	GlobalSection(SolutionProperties) = preSolution
		HideSolutionNode = FALSE
	EndGlobalSection
	GlobalSection(ExtensibilityGlobals) = postSolution
		SolutionGuid = {F483A70C-125B-4794-986E-52B71EBC56CB}
	EndGlobalSection
EndGlobal
